
Microsoft Visual Studio Solution File, Format Version 12.00
# Visual Studio Version 17
VisualStudioVersion = 17.7.34031.279
MinimumVisualStudioVersion = 10.0.40219.1
Project("{FAE04EC0-301F-11D3-BF4B-00C04F79EFBC}") = "GamerProject", "GamerProject\GamerProject.csproj", "{1207C1FC-523E-4E91-BDD2-245F2AA04C65}"
EndProject
Global
	GlobalSection(SolutionConfigurationPlatforms) = preSolution
		Debug|Any CPU = Debug|Any CPU
		Release|Any CPU = Release|Any CPU
	EndGlobalSection
	GlobalSection(ProjectConfigurationPlatforms) = postSolution
		{1207C1FC-523E-4E91-BDD2-245F2AA04C65}.Debug|Any CPU.ActiveCfg = Debug|Any CPU
		{1207C1FC-523E-4E91-BDD2-245F2AA04C65}.Debug|Any CPU.Build.0 = Debug|Any CPU
		{1207C1FC-523E-4E91-BDD2-245F2AA04C65}.Release|Any CPU.ActiveCfg = Release|Any CPU
		{1207C1FC-523E-4E91-BDD2-245F2AA04C65}.Release|Any CPU.Build.0 = Release|Any CPU
	EndGlobalSection
	GlobalSection(SolutionProperties) = preSolution
		HideSolutionNode = FALSE
	EndGlobalSection
	GlobalSection(ExtensibilityGlobals) = postSolution
		SolutionGuid = {AD72CDAD-E3DC-4100-A776-B4BF14447424}
	EndGlobalSection
EndGlobal
